
Microsoft Visual Studio Solution File, Format Version 12.00
# Visual Studio Version 16
VisualStudioVersion = 16.0.31005.135
MinimumVisualStudioVersion = 10.0.40219.1
Project("{8BC9CEB8-8B4A-11D0-8D11-00A0C91BC942}") = "机房预约系统", "机房预约系统.vcxproj", "{3D98FFD5-F9F3-49F6-8174-228618BA1E79}"
EndProject
Global
	GlobalSection(SolutionConfigurationPlatforms) = preSolution
		Debug|x64 = Debug|x64
		Debug|x86 = Debug|x86
		Release|x64 = Release|x64
		Release|x86 = Release|x86
	EndGlobalSection
	GlobalSection(ProjectConfigurationPlatforms) = postSolution
		{3D98FFD5-F9F3-49F6-8174-228618BA1E79}.Debug|x64.ActiveCfg = Debug|x64
		{3D98FFD5-F9F3-49F6-8174-228618BA1E79}.Debug|x64.Build.0 = Debug|x64
		{3D98FFD5-F9F3-49F6-8174-228618BA1E79}.Debug|x86.ActiveCfg = Debug|Win32
		{3D98FFD5-F9F3-49F6-8174-228618BA1E79}.Debug|x86.Build.0 = Debug|Win32
		{3D98FFD5-F9F3-49F6-8174-228618BA1E79}.Release|x64.ActiveCfg = Release|x64
		{3D98FFD5-F9F3-49F6-8174-228618BA1E79}.Release|x64.Build.0 = Release|x64
		{3D98FFD5-F9F3-49F6-8174-228618BA1E79}.Release|x86.ActiveCfg = Release|Win32
		{3D98FFD5-F9F3-49F6-8174-228618BA1E79}.Release|x86.Build.0 = Release|Win32
	EndGlobalSection
	GlobalSection(SolutionProperties) = preSolution
		HideSolutionNode = FALSE
	EndGlobalSection
	GlobalSection(ExtensibilityGlobals) = postSolution
		SolutionGuid = {9356BF00-B3FD-40E0-BDBD-3337A1CC195D}
	EndGlobalSection
EndGlobal
